
Microsoft Visual Studio Solution File, Format Version 12.00
Project("{FAE04EC0-301F-11D3-BF4B-00C04F79EFBC}") = "TodoApp.Domain", "src\TodoApp.Domain\TodoApp.Domain.csproj", "{95878CBF-0F10-4DF9-B5D5-C1063652B4DF}"
EndProject
Project("{FAE04EC0-301F-11D3-BF4B-00C04F79EFBC}") = "TodoApp.Application", "src\TodoApp.Application\TodoApp.Application.csproj", "{A090A185-1F2D-48F8-9A0A-7F1BF40D3A5A}"
EndProject
Project("{FAE04EC0-301F-11D3-BF4B-00C04F79EFBC}") = "TodoApp.Infrastructure", "src\TodoApp.Infrastructure\TodoApp.Infrastructure.csproj", "{E43E35CD-B81B-48AC-9D29-29342C041FE9}"
EndProject
Project("{FAE04EC0-301F-11D3-BF4B-00C04F79EFBC}") = "TodoApp.TodoApi", "src\TodoApp.TodoApi\TodoApp.TodoApi.csproj", "{1AE74ED8-0C2F-457E-AA84-EE95A9978CCB}"
EndProject
Global
	GlobalSection(SolutionConfigurationPlatforms) = preSolution
		Debug|Any CPU = Debug|Any CPU
		Release|Any CPU = Release|Any CPU
	EndGlobalSection
	GlobalSection(ProjectConfigurationPlatforms) = postSolution
		{95878CBF-0F10-4DF9-B5D5-C1063652B4DF}.Debug|Any CPU.ActiveCfg = Debug|Any CPU
		{95878CBF-0F10-4DF9-B5D5-C1063652B4DF}.Debug|Any CPU.Build.0 = Debug|Any CPU
		{95878CBF-0F10-4DF9-B5D5-C1063652B4DF}.Release|Any CPU.ActiveCfg = Release|Any CPU
		{95878CBF-0F10-4DF9-B5D5-C1063652B4DF}.Release|Any CPU.Build.0 = Release|Any CPU
		{A090A185-1F2D-48F8-9A0A-7F1BF40D3A5A}.Debug|Any CPU.ActiveCfg = Debug|Any CPU
		{A090A185-1F2D-48F8-9A0A-7F1BF40D3A5A}.Debug|Any CPU.Build.0 = Debug|Any CPU
		{A090A185-1F2D-48F8-9A0A-7F1BF40D3A5A}.Release|Any CPU.ActiveCfg = Release|Any CPU
		{A090A185-1F2D-48F8-9A0A-7F1BF40D3A5A}.Release|Any CPU.Build.0 = Release|Any CPU
		{E43E35CD-B81B-48AC-9D29-29342C041FE9}.Debug|Any CPU.ActiveCfg = Debug|Any CPU
		{E43E35CD-B81B-48AC-9D29-29342C041FE9}.Debug|Any CPU.Build.0 = Debug|Any CPU
		{E43E35CD-B81B-48AC-9D29-29342C041FE9}.Release|Any CPU.ActiveCfg = Release|Any CPU
		{E43E35CD-B81B-48AC-9D29-29342C041FE9}.Release|Any CPU.Build.0 = Release|Any CPU
		{1AE74ED8-0C2F-457E-AA84-EE95A9978CCB}.Debug|Any CPU.ActiveCfg = Debug|Any CPU
		{1AE74ED8-0C2F-457E-AA84-EE95A9978CCB}.Debug|Any CPU.Build.0 = Debug|Any CPU
		{1AE74ED8-0C2F-457E-AA84-EE95A9978CCB}.Release|Any CPU.ActiveCfg = Release|Any CPU
		{1AE74ED8-0C2F-457E-AA84-EE95A9978CCB}.Release|Any CPU.Build.0 = Release|Any CPU
	EndGlobalSection
EndGlobal
